// !$*UTF8*$!
{
	archiveVersion = 1;
	classes = {
	};
	objectVersion = 50;
	objects = {

/* Begin PBXBuildFile section */
		C908A43E58E661458F8C99C4 /* Pods_LaunchStepDemo.framework in Frameworks */ = {isa = PBXBuildFile; fileRef = 291974139C1FE23708878307 /* Pods_LaunchStepDemo.framework */; };
		D46EF93820F6714C00705718 /* AppDelegate.swift in Sources */ = {isa = PBXBuildFile; fileRef = D46EF93720F6714C00705718 /* AppDelegate.swift */; };
		D46EF93A20F6714C00705718 /* ViewController.swift in Sources */ = {isa = PBXBuildFile; fileRef = D46EF93920F6714C00705718 /* ViewController.swift */; };
		D46EF93F20F6714D00705718 /* Assets.xcassets in Resources */ = {isa = PBXBuildFile; fileRef = D46EF93E20F6714D00705718 /* Assets.xcassets */; };
		D46EF94220F6714D00705718 /* LaunchScreen.storyboard in Resources */ = {isa = PBXBuildFile; fileRef = D46EF94020F6714D00705718 /* LaunchScreen.storyboard */; };
		D46EF94A20F6720F00705718 /* ShowProgressLaunchStep.swift in Sources */ = {isa = PBXBuildFile; fileRef = D46EF94920F6720F00705718 /* ShowProgressLaunchStep.swift */; };
/* End PBXBuildFile section */

/* Begin PBXFileReference section */
		291974139C1FE23708878307 /* Pods_LaunchStepDemo.framework */ = {isa = PBXFileReference; explicitFileType = wrapper.framework; includeInIndex = 0; path = Pods_LaunchStepDemo.framework; sourceTree = BUILT_PRODUCTS_DIR; };
		3E9F0E7FB5931E3BB7861523 /* Pods-LaunchStepDemo.release.xcconfig */ = {isa = PBXFileReference; includeInIndex = 1; lastKnownFileType = text.xcconfig; name = "Pods-LaunchStepDemo.release.xcconfig"; path = "Pods/Target Support Files/Pods-LaunchStepDemo/Pods-LaunchStepDemo.release.xcconfig"; sourceTree = "<group>"; };
		D46EF93420F6714C00705718 /* LaunchStepDemo.app */ = {isa = PBXFileReference; explicitFileType = wrapper.application; includeInIndex = 0; path = LaunchStepDemo.app; sourceTree = BUILT_PRODUCTS_DIR; };
		D46EF93720F6714C00705718 /* AppDelegate.swift */ = {isa = PBXFileReference; lastKnownFileType = sourcecode.swift; path = AppDelegate.swift; sourceTree = "<group>"; };
		D46EF93920F6714C00705718 /* ViewController.swift */ = {isa = PBXFileReference; lastKnownFileType = sourcecode.swift; path = ViewController.swift; sourceTree = "<group>"; };
		D46EF93E20F6714D00705718 /* Assets.xcassets */ = {isa = PBXFileReference; lastKnownFileType = folder.assetcatalog; path = Assets.xcassets; sourceTree = "<group>"; };
		D46EF94120F6714D00705718 /* Base */ = {isa = PBXFileReference; lastKnownFileType = file.storyboard; name = Base; path = Base.lproj/LaunchScreen.storyboard; sourceTree = "<group>"; };
		D46EF94320F6714D00705718 /* Info.plist */ = {isa = PBXFileReference; lastKnownFileType = text.plist.xml; path = Info.plist; sourceTree = "<group>"; };
		D46EF94920F6720F00705718 /* ShowProgressLaunchStep.swift */ = {isa = PBXFileReference; lastKnownFileType = sourcecode.swift; path = ShowProgressLaunchStep.swift; sourceTree = "<group>"; };
		D94948A0B8148DF67DF5331B /* Pods-LaunchStepDemo.debug.xcconfig */ = {isa = PBXFileReference; includeInIndex = 1; lastKnownFileType = text.xcconfig; name = "Pods-LaunchStepDemo.debug.xcconfig"; path = "Pods/Target Support Files/Pods-LaunchStepDemo/Pods-LaunchStepDemo.debug.xcconfig"; sourceTree = "<group>"; };
/* End PBXFileReference section */

/* Begin PBXFrameworksBuildPhase section */
		D46EF93120F6714C00705718 /* Frameworks */ = {
			isa = PBXFrameworksBuildPhase;
			buildActionMask = 2147483647;
			files = (
				C908A43E58E661458F8C99C4 /* Pods_LaunchStepDemo.framework in Frameworks */,
			);
			runOnlyForDeploymentPostprocessing = 0;
		};
/* End PBXFrameworksBuildPhase section */

/* Begin PBXGroup section */
		4812B776A7693B9A328B987D /* Frameworks */ = {
			isa = PBXGroup;
			children = (
				291974139C1FE23708878307 /* Pods_LaunchStepDemo.framework */,
			);
			name = Frameworks;
			sourceTree = "<group>";
		};
		D46EF92B20F6714C00705718 = {
			isa = PBXGroup;
			children = (
				D46EF93620F6714C00705718 /* LaunchStepDemo */,
				D46EF93520F6714C00705718 /* Products */,
				F9F370D95DE44637D312E993 /* Pods */,
				4812B776A7693B9A328B987D /* Frameworks */,
			);
			sourceTree = "<group>";
		};
		D46EF93520F6714C00705718 /* Products */ = {
			isa = PBXGroup;
			children = (
				D46EF93420F6714C00705718 /* LaunchStepDemo.app */,
			);
			name = Products;
			sourceTree = "<group>";
		};
		D46EF93620F6714C00705718 /* LaunchStepDemo */ = {
			isa = PBXGroup;
			children = (
				D46EF93720F6714C00705718 /* AppDelegate.swift */,
				D46EF93920F6714C00705718 /* ViewController.swift */,
				D46EF93E20F6714D00705718 /* Assets.xcassets */,
				D46EF94020F6714D00705718 /* LaunchScreen.storyboard */,
				D46EF94320F6714D00705718 /* Info.plist */,
				D46EF94920F6720F00705718 /* ShowProgressLaunchStep.swift */,
			);
			path = LaunchStepDemo;
			sourceTree = "<group>";
		};
		F9F370D95DE44637D312E993 /* Pods */ = {
			isa = PBXGroup;
			children = (
				D94948A0B8148DF67DF5331B /* Pods-LaunchStepDemo.debug.xcconfig */,
				3E9F0E7FB5931E3BB7861523 /* Pods-LaunchStepDemo.release.xcconfig */,
			);
			name = Pods;
			sourceTree = "<group>";
		};
/* End PBXGroup section */

/* Begin PBXNativeTarget section */
		D46EF93320F6714C00705718 /* LaunchStepDemo */ = {
			isa = PBXNativeTarget;
			buildConfigurationList = D46EF94620F6714D00705718 /* Build configuration list for PBXNativeTarget "LaunchStepDemo" */;
			buildPhases = (
				708049DBB03F0B066E432552 /* [CP] Check Pods Manifest.lock */,
				D46EF93020F6714C00705718 /* Sources */,
				D46EF93120F6714C00705718 /* Frameworks */,
				D46EF93220F6714C00705718 /* Resources */,
				4E671F48017EA66E959962D5 /* [CP] Embed Pods Frameworks */,
			);
			buildRules = (
			);
			dependencies = (
			);
			name = LaunchStepDemo;
			productName = LaunchStepDemo;
			productReference = D46EF93420F6714C00705718 /* LaunchStepDemo.app */;
			productType = "com.apple.product-type.application";
		};
/* End PBXNativeTarget section */

/* Begin PBXProject section */
		D46EF92C20F6714C00705718 /* Project object */ = {
			isa = PBXProject;
			attributes = {
				LastSwiftUpdateCheck = 0940;
				LastUpgradeCheck = 0940;
				ORGANIZATIONNAME = "Stephan Heilner";
				TargetAttributes = {
					D46EF93320F6714C00705718 = {
						CreatedOnToolsVersion = 9.4.1;
					};
				};
			};
			buildConfigurationList = D46EF92F20F6714C00705718 /* Build configuration list for PBXProject "LaunchStepDemo" */;
			compatibilityVersion = "Xcode 9.3";
			developmentRegion = en;
			hasScannedForEncodings = 0;
			knownRegions = (
				en,
				Base,
			);
			mainGroup = D46EF92B20F6714C00705718;
			productRefGroup = D46EF93520F6714C00705718 /* Products */;
			projectDirPath = "";
			projectRoot = "";
			targets = (
				D46EF93320F6714C00705718 /* LaunchStepDemo */,
			);
		};
/* End PBXProject section */

/* Begin PBXResourcesBuildPhase section */
		D46EF93220F6714C00705718 /* Resources */ = {
			isa = PBXResourcesBuildPhase;
			buildActionMask = 2147483647;
			files = (
				D46EF94220F6714D00705718 /* LaunchScreen.storyboard in Resources */,
				D46EF93F20F6714D00705718 /* Assets.xcassets in Resources */,
			);
			runOnlyForDeploymentPostprocessing = 0;
		};
/* End PBXResourcesBuildPhase section */

/* Begin PBXShellScriptBuildPhase section */
		4E671F48017EA66E959962D5 /* [CP] Embed Pods Frameworks */ = {
			isa = PBXShellScriptBuildPhase;
			buildActionMask = 2147483647;
			files = (
			);
			inputPaths = (
				"${SRCROOT}/Pods/Target Support Files/Pods-LaunchStepDemo/Pods-LaunchStepDemo-frameworks.sh",
				"${BUILT_PRODUCTS_DIR}/LaunchStep/LaunchStep.framework",
			);
			name = "[CP] Embed Pods Frameworks";
			outputPaths = (
				"${TARGET_BUILD_DIR}/${FRAMEWORKS_FOLDER_PATH}/LaunchStep.framework",
			);
			runOnlyForDeploymentPostprocessing = 0;
			shellPath = /bin/sh;
			shellScript = "\"${SRCROOT}/Pods/Target Support Files/Pods-LaunchStepDemo/Pods-LaunchStepDemo-frameworks.sh\"\n";
			showEnvVarsInLog = 0;
		};
		708049DBB03F0B066E432552 /* [CP] Check Pods Manifest.lock */ = {
			isa = PBXShellScriptBuildPhase;
			buildActionMask = 2147483647;
			files = (
			);
			inputPaths = (
				"${PODS_PODFILE_DIR_PATH}/Podfile.lock",
				"${PODS_ROOT}/Manifest.lock",
			);
			name = "[CP] Check Pods Manifest.lock";
			outputPaths = (
				"$(DERIVED_FILE_DIR)/Pods-LaunchStepDemo-checkManifestLockResult.txt",
			);
			runOnlyForDeploymentPostprocessing = 0;
			shellPath = /bin/sh;
			shellScript = "diff \"${PODS_PODFILE_DIR_PATH}/Podfile.lock\" \"${PODS_ROOT}/Manifest.lock\" > /dev/null\nif [ $? != 0 ] ; then\n    # print error to STDERR\n    echo \"error: The sandbox is not in sync with the Podfile.lock. Run 'pod install' or update your CocoaPods installation.\" >&2\n    exit 1\nfi\n# This output is used by Xcode 'outputs' to avoid re-running this script phase.\necho \"SUCCESS\" > \"${SCRIPT_OUTPUT_FILE_0}\"\n";
			showEnvVarsInLog = 0;
		};
/* End PBXShellScriptBuildPhase section */

/* Begin PBXSourcesBuildPhase section */
		D46EF93020F6714C00705718 /* Sources */ = {
			isa = PBXSourcesBuildPhase;
			buildActionMask = 2147483647;
			files = (
				D46EF93A20F6714C00705718 /* ViewController.swift in Sources */,
				D46EF93820F6714C00705718 /* AppDelegate.swift in Sources */,
				D46EF94A20F6720F00705718 /* ShowProgressLaunchStep.swift in Sources */,
			);
			runOnlyForDeploymentPostprocessing = 0;
		};
/* End PBXSourcesBuildPhase section */

/* Begin PBXVariantGroup section */
		D46EF94020F6714D00705718 /* LaunchScreen.storyboard */ = {
			isa = PBXVariantGroup;
			children = (
				D46EF94120F6714D00705718 /* Base */,
			);
			name = LaunchScreen.storyboard;
			sourceTree = "<group>";
		};
/* End PBXVariantGroup section */

/* Begin XCBuildConfiguration section */
		D46EF94420F6714D00705718 /* Debug */ = {
			isa = XCBuildConfiguration;
			buildSettings = {
				ALWAYS_SEARCH_USER_PATHS = NO;
				CLANG_ANALYZER_NONNULL = YES;
				CLANG_ANALYZER_NUMBER_OBJECT_CONVERSION = YES_AGGRESSIVE;
				CLANG_CXX_LANGUAGE_STANDARD = "gnu++14";
				CLANG_CXX_LIBRARY = "libc++";
				CLANG_ENABLE_MODULES = YES;
				CLANG_ENABLE_OBJC_ARC = YES;
				CLANG_ENABLE_OBJC_WEAK = YES;
				CLANG_WARN_BLOCK_CAPTURE_AUTORELEASING = YES;
				CLANG_WARN_BOOL_CONVERSION = YES;
				CLANG_WARN_COMMA = YES;
				CLANG_WARN_CONSTANT_CONVERSION = YES;
				CLANG_WARN_DEPRECATED_OBJC_IMPLEMENTATIONS = YES;
				CLANG_WARN_DIRECT_OBJC_ISA_USAGE = YES_ERROR;
				CLANG_WARN_DOCUMENTATION_COMMENTS = YES;
				CLANG_WARN_EMPTY_BODY = YES;
				CLANG_WARN_ENUM_CONVERSION = YES;
				CLANG_WARN_INFINITE_RECURSION = YES;
				CLANG_WARN_INT_CONVERSION = YES;
				CLANG_WARN_NON_LITERAL_NULL_CONVERSION = YES;
				CLANG_WARN_OBJC_IMPLICIT_RETAIN_SELF = YES;
				CLANG_WARN_OBJC_LITERAL_CONVERSION = YES;
				CLANG_WARN_OBJC_ROOT_CLASS = YES_ERROR;
				CLANG_WARN_RANGE_LOOP_ANALYSIS = YES;
				CLANG_WARN_STRICT_PROTOTYPES = YES;
				CLANG_WARN_SUSPICIOUS_MOVE = YES;
				CLANG_WARN_UNGUARDED_AVAILABILITY = YES_AGGRESSIVE;
				CLANG_WARN_UNREACHABLE_CODE = YES;
				CLANG_WARN__DUPLICATE_METHOD_MATCH = YES;
				CODE_SIGN_IDENTITY = "iPhone Developer";
				COPY_PHASE_STRIP = NO;
				DEBUG_INFORMATION_FORMAT = dwarf;
				ENABLE_STRICT_OBJC_MSGSEND = YES;
				ENABLE_TESTABILITY = YES;
				GCC_C_LANGUAGE_STANDARD = gnu11;
				GCC_DYNAMIC_NO_PIC = NO;
				GCC_NO_COMMON_BLOCKS = YES;
				GCC_OPTIMIZATION_LEVEL = 0;
				GCC_PREPROCESSOR_DEFINITIONS = (
					"DEBUG=1",
					"$(inherited)",
				);
				GCC_WARN_64_TO_32_BIT_CONVERSION = YES;
				GCC_WARN_ABOUT_RETURN_TYPE = YES_ERROR;
				GCC_WARN_UNDECLARED_SELECTOR = YES;
				GCC_WARN_UNINITIALIZED_AUTOS = YES_AGGRESSIVE;
				GCC_WARN_UNUSED_FUNCTION = YES;
				GCC_WARN_UNUSED_VARIABLE = YES;
				IPHONEOS_DEPLOYMENT_TARGET = 11.4;
				MTL_ENABLE_DEBUG_INFO = YES;
				ONLY_ACTIVE_ARCH = YES;
				SDKROOT = iphoneos;
				SWIFT_ACTIVE_COMPILATION_CONDITIONS = DEBUG;
				SWIFT_OPTIMIZATION_LEVEL = "-Onone";
				SWIFT_VERSION = 4.2;
			};
			name = Debug;
		};
		D46EF94520F6714D00705718 /* Release */ = {
			isa = XCBuildConfiguration;
			buildSettings = {
				ALWAYS_SEARCH_USER_PATHS = NO;
				CLANG_ANALYZER_NONNULL = YES;
				CLANG_ANALYZER_NUMBER_OBJECT_CONVERSION = YES_AGGRESSIVE;
				CLANG_CXX_LANGUAGE_STANDARD = "gnu++14";
				CLANG_CXX_LIBRARY = "libc++";
				CLANG_ENABLE_MODULES = YES;
				CLANG_ENABLE_OBJC_ARC = YES;
				CLANG_ENABLE_OBJC_WEAK = YES;
				CLANG_WARN_BLOCK_CAPTURE_AUTORELEASING = YES;
				CLANG_WARN_BOOL_CONVERSION = YES;
				CLANG_WARN_COMMA = YES;
				CLANG_WARN_CONSTANT_CONVERSION = YES;
				CLANG_WARN_DEPRECATED_OBJC_IMPLEMENTATIONS = YES;
				CLANG_WARN_DIRECT_OBJC_ISA_USAGE = YES_ERROR;
				CLANG_WARN_DOCUMENTATION_COMMENTS = YES;
				CLANG_WARN_EMPTY_BODY = YES;
				CLANG_WARN_ENUM_CONVERSION = YES;
				CLANG_WARN_INFINITE_RECURSION = YES;
				CLANG_WARN_INT_CONVERSION = YES;
				CLANG_WARN_NON_LITERAL_NULL_CONVERSION = YES;
				CLANG_WARN_OBJC_IMPLICIT_RETAIN_SELF = YES;
				CLANG_WARN_OBJC_LITERAL_CONVERSION = YES;
				CLANG_WARN_OBJC_ROOT_CLASS = YES_ERROR;
				CLANG_WARN_RANGE_LOOP_ANALYSIS = YES;
				CLANG_WARN_STRICT_PROTOTYPES = YES;
				CLANG_WARN_SUSPICIOUS_MOVE = YES;
				CLANG_WARN_UNGUARDED_AVAILABILITY = YES_AGGRESSIVE;
				CLANG_WARN_UNREACHABLE_CODE = YES;
				CLANG_WARN__DUPLICATE_METHOD_MATCH = YES;
				CODE_SIGN_IDENTITY = "iPhone Developer";
				COPY_PHASE_STRIP = NO;
				DEBUG_INFORMATION_FORMAT = "dwarf-with-dsym";
				ENABLE_NS_ASSERTIONS = NO;
				ENABLE_STRICT_OBJC_MSGSEND = YES;
				GCC_C_LANGUAGE_STANDARD = gnu11;
				GCC_NO_COMMON_BLOCKS = YES;
				GCC_WARN_64_TO_32_BIT_CONVERSION = YES;
				GCC_WARN_ABOUT_RETURN_TYPE = YES_ERROR;
				GCC_WARN_UNDECLARED_SELECTOR = YES;
				GCC_WARN_UNINITIALIZED_AUTOS = YES_AGGRESSIVE;
				GCC_WARN_UNUSED_FUNCTION = YES;
				GCC_WARN_UNUSED_VARIABLE = YES;
				IPHONEOS_DEPLOYMENT_TARGET = 11.4;
				MTL_ENABLE_DEBUG_INFO = NO;
				SDKROOT = iphoneos;
				SWIFT_COMPILATION_MODE = wholemodule;
				SWIFT_OPTIMIZATION_LEVEL = "-O";
				SWIFT_VERSION = 4.2;
				VALIDATE_PRODUCT = YES;
			};
			name = Release;
		};
		D46EF94720F6714D00705718 /* Debug */ = {
			isa = XCBuildConfiguration;
			baseConfigurationReference = D94948A0B8148DF67DF5331B /* Pods-LaunchStepDemo.debug.xcconfig */;
			buildSettings = {
				ASSETCATALOG_COMPILER_APPICON_NAME = AppIcon;
				CODE_SIGN_STYLE = Automatic;
				INFOPLIST_FILE = LaunchStepDemo/Info.plist;
				LD_RUNPATH_SEARCH_PATHS = (
					"$(inherited)",
					"@executable_path/Frameworks",
				);
				PRODUCT_BUNDLE_IDENTIFIER = com.hf.LaunchStepDemo;
				PRODUCT_NAME = "$(TARGET_NAME)";
				TARGETED_DEVICE_FAMILY = "1,2";
			};
			name = Debug;
		};
		D46EF94820F6714D00705718 /* Release */ = {
			isa = XCBuildConfiguration;
			baseConfigurationReference = 3E9F0E7FB5931E3BB7861523 /* Pods-LaunchStepDemo.release.xcconfig */;
			buildSettings = {
				ASSETCATALOG_COMPILER_APPICON_NAME = AppIcon;
				CODE_SIGN_STYLE = Automatic;
				INFOPLIST_FILE = LaunchStepDemo/Info.plist;
				LD_RUNPATH_SEARCH_PATHS = (
					"$(inherited)",
					"@executable_path/Frameworks",
				);
				PRODUCT_BUNDLE_IDENTIFIER = com.hf.LaunchStepDemo;
				PRODUCT_NAME = "$(TARGET_NAME)";
				TARGETED_DEVICE_FAMILY = "1,2";
			};
			name = Release;
		};
/* End XCBuildConfiguration section */

/* Begin XCConfigurationList section */
		D46EF92F20F6714C00705718 /* Build configuration list for PBXProject "LaunchStepDemo" */ = {
			isa = XCConfigurationList;
			buildConfigurations = (
				D46EF94420F6714D00705718 /* Debug */,
				D46EF94520F6714D00705718 /* Release */,
			);
			defaultConfigurationIsVisible = 0;
			defaultConfigurationName = Release;
		};
		D46EF94620F6714D00705718 /* Build configuration list for PBXNativeTarget "LaunchStepDemo" */ = {
			isa = XCConfigurationList;
			buildConfigurations = (
				D46EF94720F6714D00705718 /* Debug */,
				D46EF94820F6714D00705718 /* Release */,
			);
			defaultConfigurationIsVisible = 0;
			defaultConfigurationName = Release;
		};
/* End XCConfigurationList section */
	};
	rootObject = D46EF92C20F6714C00705718 /* Project object */;
}
